
Microsoft Visual Studio Solution File, Format Version 12.00
# Visual Studio Version 17
VisualStudioVersion = 17.6.33829.357
MinimumVisualStudioVersion = 10.0.40219.1
Project("{9A19103F-16F7-4668-BE54-9A1E7A4F7556}") = "TodosApi", "TodosApi\TodosApi.csproj", "{2A537EE2-5BB3-4FF8-9D3F-0A6AB2F54FF4}"
EndProject
Project("{FAE04EC0-301F-11D3-BF4B-00C04F79EFBC}") = "TodosApi.UnitTests", "TodosApi.UnitTests\TodosApi.UnitTests.csproj", "{A4D48A17-0D10-425E-971F-D98D01E13C19}"
EndProject
Project("{FAE04EC0-301F-11D3-BF4B-00C04F79EFBC}") = "BenchMarking", "BenchMarking\BenchMarking.csproj", "{34129229-82A9-4551-88D8-3DC0AEDA0883}"
EndProject
Global
	GlobalSection(SolutionConfigurationPlatforms) = preSolution
		Debug|Any CPU = Debug|Any CPU
		Release|Any CPU = Release|Any CPU
	EndGlobalSection
	GlobalSection(ProjectConfigurationPlatforms) = postSolution
		{2A537EE2-5BB3-4FF8-9D3F-0A6AB2F54FF4}.Debug|Any CPU.ActiveCfg = Debug|Any CPU
		{2A537EE2-5BB3-4FF8-9D3F-0A6AB2F54FF4}.Debug|Any CPU.Build.0 = Debug|Any CPU
		{2A537EE2-5BB3-4FF8-9D3F-0A6AB2F54FF4}.Release|Any CPU.ActiveCfg = Release|Any CPU
		{2A537EE2-5BB3-4FF8-9D3F-0A6AB2F54FF4}.Release|Any CPU.Build.0 = Release|Any CPU
		{A4D48A17-0D10-425E-971F-D98D01E13C19}.Debug|Any CPU.ActiveCfg = Debug|Any CPU
		{A4D48A17-0D10-425E-971F-D98D01E13C19}.Debug|Any CPU.Build.0 = Debug|Any CPU
		{A4D48A17-0D10-425E-971F-D98D01E13C19}.Release|Any CPU.ActiveCfg = Release|Any CPU
		{A4D48A17-0D10-425E-971F-D98D01E13C19}.Release|Any CPU.Build.0 = Release|Any CPU
		{34129229-82A9-4551-88D8-3DC0AEDA0883}.Debug|Any CPU.ActiveCfg = Debug|Any CPU
		{34129229-82A9-4551-88D8-3DC0AEDA0883}.Debug|Any CPU.Build.0 = Debug|Any CPU
		{34129229-82A9-4551-88D8-3DC0AEDA0883}.Release|Any CPU.ActiveCfg = Release|Any CPU
		{34129229-82A9-4551-88D8-3DC0AEDA0883}.Release|Any CPU.Build.0 = Release|Any CPU
	EndGlobalSection
	GlobalSection(SolutionProperties) = preSolution
		HideSolutionNode = FALSE
	EndGlobalSection
	GlobalSection(ExtensibilityGlobals) = postSolution
		SolutionGuid = {1D6DE9C4-FEBC-4B32-AFA2-871A35448E7A}
	EndGlobalSection
EndGlobal
